
Microsoft Visual Studio Solution File, Format Version 12.00
# Visual Studio Version 17
VisualStudioVersion = 17.8.34309.116
MinimumVisualStudioVersion = 10.0.40219.1
Project("{FAE04EC0-301F-11D3-BF4B-00C04F79EFBC}") = "FullStack.API", "FullStack.API\FullStack.API.csproj", "{C86169ED-A60A-4DD4-B231-DA8AD16F4F4D}"
EndProject
Global
	GlobalSection(SolutionConfigurationPlatforms) = preSolution
		Debug|Any CPU = Debug|Any CPU
		Release|Any CPU = Release|Any CPU
	EndGlobalSection
	GlobalSection(ProjectConfigurationPlatforms) = postSolution
		{C86169ED-A60A-4DD4-B231-DA8AD16F4F4D}.Debug|Any CPU.ActiveCfg = Debug|Any CPU
		{C86169ED-A60A-4DD4-B231-DA8AD16F4F4D}.Debug|Any CPU.Build.0 = Debug|Any CPU
		{C86169ED-A60A-4DD4-B231-DA8AD16F4F4D}.Release|Any CPU.ActiveCfg = Release|Any CPU
		{C86169ED-A60A-4DD4-B231-DA8AD16F4F4D}.Release|Any CPU.Build.0 = Release|Any CPU
	EndGlobalSection
	GlobalSection(SolutionProperties) = preSolution
		HideSolutionNode = FALSE
	EndGlobalSection
	GlobalSection(ExtensibilityGlobals) = postSolution
		SolutionGuid = {5E671281-01F3-4138-A434-CC20D5098F8F}
	EndGlobalSection
EndGlobal
